// !$*UTF8*$!
{
	archiveVersion = 1;
	classes = {
	};
	objectVersion = 56;
	objects = {

/* Begin PBXBuildFile section */
		962EBCC22B38451400C3866B /* InitialView.swift in Sources */ = {isa = PBXBuildFile; fileRef = 962EBCC12B38451400C3866B /* InitialView.swift */; };
		962EBCC42B3847A300C3866B /* Resources.swift in Sources */ = {isa = PBXBuildFile; fileRef = 962EBCC32B3847A300C3866B /* Resources.swift */; };
		962EBCC92B384E4A00C3866B /* RegistrationView.swift in Sources */ = {isa = PBXBuildFile; fileRef = 962EBCC82B384E4A00C3866B /* RegistrationView.swift */; };
		962EBCCC2B384E8A00C3866B /* Constants.swift in Sources */ = {isa = PBXBuildFile; fileRef = 962EBCCB2B384E8A00C3866B /* Constants.swift */; };
		962EBCCF2B3863C200C3866B /* LoginView.swift in Sources */ = {isa = PBXBuildFile; fileRef = 962EBCCE2B3863C200C3866B /* LoginView.swift */; };
		962EBCD52B38688C00C3866B /* RegistrationViewModel.swift in Sources */ = {isa = PBXBuildFile; fileRef = 962EBCD42B38688C00C3866B /* RegistrationViewModel.swift */; };
		962EBCD92B386F3700C3866B /* DefaultTextFieldView.swift in Sources */ = {isa = PBXBuildFile; fileRef = 962EBCD82B386F3700C3866B /* DefaultTextFieldView.swift */; };
		962EBCDC2B38701B00C3866B /* LoginViewModel.swift in Sources */ = {isa = PBXBuildFile; fileRef = 962EBCDB2B38701B00C3866B /* LoginViewModel.swift */; };
		962EBCE02B38724100C3866B /* MainView.swift in Sources */ = {isa = PBXBuildFile; fileRef = 962EBCDF2B38724100C3866B /* MainView.swift */; };
		962EBCE72B3872AE00C3866B /* ProfileView.swift in Sources */ = {isa = PBXBuildFile; fileRef = 962EBCE62B3872AE00C3866B /* ProfileView.swift */; };
		962EBCE92B3873CA00C3866B /* ActivitiesView.swift in Sources */ = {isa = PBXBuildFile; fileRef = 962EBCE82B3873CA00C3866B /* ActivitiesView.swift */; };
		962EBCEB2B3873FD00C3866B /* ActivityCardView.swift in Sources */ = {isa = PBXBuildFile; fileRef = 962EBCEA2B3873FD00C3866B /* ActivityCardView.swift */; };
		962EBCEE2B38744000C3866B /* ActivityDataModel.swift in Sources */ = {isa = PBXBuildFile; fileRef = 962EBCED2B38744000C3866B /* ActivityDataModel.swift */; };
		962EBCF02B3874B100C3866B /* ActivityListView.swift in Sources */ = {isa = PBXBuildFile; fileRef = 962EBCEF2B3874B100C3866B /* ActivityListView.swift */; };
		962EBCF32B38751300C3866B /* ActivityViewModel.swift in Sources */ = {isa = PBXBuildFile; fileRef = 962EBCF22B38751300C3866B /* ActivityViewModel.swift */; };
		962EBCF52B38757C00C3866B /* CommonDefines.swift in Sources */ = {isa = PBXBuildFile; fileRef = 962EBCF42B38757C00C3866B /* CommonDefines.swift */; };
		962EBCF82B387C8300C3866B /* ActivityDetailsView.swift in Sources */ = {isa = PBXBuildFile; fileRef = 962EBCF72B387C8300C3866B /* ActivityDetailsView.swift */; };
		962EBCFC2B387D3000C3866B /* ActivityDetailsViewModel.swift in Sources */ = {isa = PBXBuildFile; fileRef = 962EBCFB2B387D3000C3866B /* ActivityDetailsViewModel.swift */; };
		962EBCFE2B38921400C3866B /* ActivitiesRepository.swift in Sources */ = {isa = PBXBuildFile; fileRef = 962EBCFD2B38921400C3866B /* ActivitiesRepository.swift */; };
		962EBD032B389BC500C3866B /* ActivitySelectionView.swift in Sources */ = {isa = PBXBuildFile; fileRef = 962EBD022B389BC500C3866B /* ActivitySelectionView.swift */; };
		962EBD052B389C0D00C3866B /* ActivitySelectionViewController.swift in Sources */ = {isa = PBXBuildFile; fileRef = 962EBD042B389C0D00C3866B /* ActivitySelectionViewController.swift */; };
		962EBD092B38A04F00C3866B /* SetsInfoView.swift in Sources */ = {isa = PBXBuildFile; fileRef = 962EBD082B38A04F00C3866B /* SetsInfoView.swift */; };
		962EBD0B2B38A05D00C3866B /* ExerciseParamView.swift in Sources */ = {isa = PBXBuildFile; fileRef = 962EBD0A2B38A05D00C3866B /* ExerciseParamView.swift */; };
		962EBD0E2B38A12900C3866B /* SetsExerciseSettingsModel.swift in Sources */ = {isa = PBXBuildFile; fileRef = 962EBD0D2B38A12900C3866B /* SetsExerciseSettingsModel.swift */; };
		962EBD122B38A16600C3866B /* SetsExerciseController.swift in Sources */ = {isa = PBXBuildFile; fileRef = 962EBD112B38A16600C3866B /* SetsExerciseController.swift */; };
		962EBD192B38A23300C3866B /* RoundTimerController.swift in Sources */ = {isa = PBXBuildFile; fileRef = 962EBD182B38A23300C3866B /* RoundTimerController.swift */; };
		962EBD1D2B38A25C00C3866B /* RoundTimerView.swift in Sources */ = {isa = PBXBuildFile; fileRef = 962EBD1C2B38A25C00C3866B /* RoundTimerView.swift */; };
		962EBD1F2B38A27D00C3866B /* RoundTimerService.swift in Sources */ = {isa = PBXBuildFile; fileRef = 962EBD1E2B38A27D00C3866B /* RoundTimerService.swift */; };
		962EBD232B38A2F400C3866B /* PopUpModalController.swift in Sources */ = {isa = PBXBuildFile; fileRef = 962EBD222B38A2F400C3866B /* PopUpModalController.swift */; };
		962EBD3B2B39E26E00C3866B /* CoreDataRepository.swift in Sources */ = {isa = PBXBuildFile; fileRef = 962EBD3A2B39E26E00C3866B /* CoreDataRepository.swift */; };
		96661EB62B4684A500546BF3 /* LoginRequest.swift in Sources */ = {isa = PBXBuildFile; fileRef = 96661EB52B4684A500546BF3 /* LoginRequest.swift */; };
		96661EB82B4684AE00546BF3 /* LoginResponse.swift in Sources */ = {isa = PBXBuildFile; fileRef = 96661EB72B4684AE00546BF3 /* LoginResponse.swift */; };
		96661EBB2B46AB9700546BF3 /* ServerRequest.swift in Sources */ = {isa = PBXBuildFile; fileRef = 96661EBA2B46AB9700546BF3 /* ServerRequest.swift */; };
		96661EBD2B46D5FB00546BF3 /* ServerResponse.swift in Sources */ = {isa = PBXBuildFile; fileRef = 96661EBC2B46D5FB00546BF3 /* ServerResponse.swift */; };
		96661EBF2B47225C00546BF3 /* RegistrationRequest.swift in Sources */ = {isa = PBXBuildFile; fileRef = 96661EBE2B47225C00546BF3 /* RegistrationRequest.swift */; };
		96661EC12B47D13A00546BF3 /* RegistrationResponse.swift in Sources */ = {isa = PBXBuildFile; fileRef = 96661EC02B47D13A00546BF3 /* RegistrationResponse.swift */; };
		96661EC52B490E2100546BF3 /* SecureStorage.swift in Sources */ = {isa = PBXBuildFile; fileRef = 96661EC42B490E2100546BF3 /* SecureStorage.swift */; };
		96661EC72B490E5000546BF3 /* TokenStorage.swift in Sources */ = {isa = PBXBuildFile; fileRef = 96661EC62B490E5000546BF3 /* TokenStorage.swift */; };
		96661EC92B4911B500546BF3 /* Auth.swift in Sources */ = {isa = PBXBuildFile; fileRef = 96661EC82B4911B500546BF3 /* Auth.swift */; };
		9666D1412B8FACFA008BCAD6 /* RoundTimerController.swift in Sources */ = {isa = PBXBuildFile; fileRef = 962EBD182B38A23300C3866B /* RoundTimerController.swift */; };
		9666D1422B8FACFA008BCAD6 /* ExerciseParamView.swift in Sources */ = {isa = PBXBuildFile; fileRef = 962EBD0A2B38A05D00C3866B /* ExerciseParamView.swift */; };
		9666D1432B8FACFA008BCAD6 /* RunExerciseInfoView.swift in Sources */ = {isa = PBXBuildFile; fileRef = 96C4B9C72B60538000973D6E /* RunExerciseInfoView.swift */; };
		9666D1442B8FACFA008BCAD6 /* LoginResponse.swift in Sources */ = {isa = PBXBuildFile; fileRef = 96661EB72B4684AE00546BF3 /* LoginResponse.swift */; };
		9666D1452B8FACFA008BCAD6 /* ActivityDetailsViewModel.swift in Sources */ = {isa = PBXBuildFile; fileRef = 962EBCFB2B387D3000C3866B /* ActivityDetailsViewModel.swift */; };
		9666D1462B8FACFA008BCAD6 /* RegistrationView.swift in Sources */ = {isa = PBXBuildFile; fileRef = 962EBCC82B384E4A00C3866B /* RegistrationView.swift */; };
		9666D1472B8FACFA008BCAD6 /* SecureStorage.swift in Sources */ = {isa = PBXBuildFile; fileRef = 96661EC42B490E2100546BF3 /* SecureStorage.swift */; };
		9666D1482B8FACFA008BCAD6 /* SetsExerciseController.swift in Sources */ = {isa = PBXBuildFile; fileRef = 962EBD112B38A16600C3866B /* SetsExerciseController.swift */; };
		9666D1492B8FACFA008BCAD6 /* CommonDefines.swift in Sources */ = {isa = PBXBuildFile; fileRef = 962EBCF42B38757C00C3866B /* CommonDefines.swift */; };
		9666D14A2B8FACFA008BCAD6 /* ExerciseLocationManager.swift in Sources */ = {isa = PBXBuildFile; fileRef = 96AD1DA62B5F08D4000F9EF4 /* ExerciseLocationManager.swift */; };
		9666D14B2B8FACFA008BCAD6 /* MapViewController.swift in Sources */ = {isa = PBXBuildFile; fileRef = 96FD941C2B5D4966005955D7 /* MapViewController.swift */; };
		9666D14C2B8FACFA008BCAD6 /* ExerciseMotionManager.swift in Sources */ = {isa = PBXBuildFile; fileRef = 96D8AA152B73E44C00B3071B /* ExerciseMotionManager.swift */; };
		9666D14D2B8FACFA008BCAD6 /* MainView.swift in Sources */ = {isa = PBXBuildFile; fileRef = 962EBCDF2B38724100C3866B /* MainView.swift */; };
		9666D14E2B8FACFA008BCAD6 /* RegistrationResponse.swift in Sources */ = {isa = PBXBuildFile; fileRef = 96661EC02B47D13A00546BF3 /* RegistrationResponse.swift */; };
		9666D14F2B8FACFA008BCAD6 /* ActivitySelectionView.swift in Sources */ = {isa = PBXBuildFile; fileRef = 962EBD022B389BC500C3866B /* ActivitySelectionView.swift */; };
		9666D1502B8FACFA008BCAD6 /* Persistence.swift in Sources */ = {isa = PBXBuildFile; fileRef = 96B87FE82B37527300E9BEAD /* Persistence.swift */; };
		9666D1512B8FACFA008BCAD6 /* ActivityCardView.swift in Sources */ = {isa = PBXBuildFile; fileRef = 962EBCEA2B3873FD00C3866B /* ActivityCardView.swift */; };
		9666D1522B8FACFA008BCAD6 /* CoreDataRepository.swift in Sources */ = {isa = PBXBuildFile; fileRef = 962EBD3A2B39E26E00C3866B /* CoreDataRepository.swift */; };
		9666D1532B8FACFA008BCAD6 /* Auth.swift in Sources */ = {isa = PBXBuildFile; fileRef = 96661EC82B4911B500546BF3 /* Auth.swift */; };
		9666D1542B8FACFA008BCAD6 /* InitialView.swift in Sources */ = {isa = PBXBuildFile; fileRef = 962EBCC12B38451400C3866B /* InitialView.swift */; };
		9666D1552B8FACFA008BCAD6 /* ActivityListView.swift in Sources */ = {isa = PBXBuildFile; fileRef = 962EBCEF2B3874B100C3866B /* ActivityListView.swift */; };
		9666D1562B8FACFA008BCAD6 /* RoundTimerService.swift in Sources */ = {isa = PBXBuildFile; fileRef = 962EBD1E2B38A27D00C3866B /* RoundTimerService.swift */; };
		9666D1572B8FACFA008BCAD6 /* ServerResponse.swift in Sources */ = {isa = PBXBuildFile; fileRef = 96661EBC2B46D5FB00546BF3 /* ServerResponse.swift */; };
		9666D1582B8FACFA008BCAD6 /* LoginView.swift in Sources */ = {isa = PBXBuildFile; fileRef = 962EBCCE2B3863C200C3866B /* LoginView.swift */; };
		9666D1592B8FACFA008BCAD6 /* TokenStorage.swift in Sources */ = {isa = PBXBuildFile; fileRef = 96661EC62B490E5000546BF3 /* TokenStorage.swift */; };
		9666D15A2B8FACFA008BCAD6 /* ActivitiesRepository.swift in Sources */ = {isa = PBXBuildFile; fileRef = 962EBCFD2B38921400C3866B /* ActivitiesRepository.swift */; };
		9666D15B2B8FACFA008BCAD6 /* RegistrationRequest.swift in Sources */ = {isa = PBXBuildFile; fileRef = 96661EBE2B47225C00546BF3 /* RegistrationRequest.swift */; };
		9666D15C2B8FACFA008BCAD6 /* ContentView.swift in Sources */ = {isa = PBXBuildFile; fileRef = 96B87FE12B37527100E9BEAD /* ContentView.swift */; };
		9666D15D2B8FACFA008BCAD6 /* RegistrationViewModel.swift in Sources */ = {isa = PBXBuildFile; fileRef = 962EBCD42B38688C00C3866B /* RegistrationViewModel.swift */; };
		9666D15E2B8FACFA008BCAD6 /* Resources.swift in Sources */ = {isa = PBXBuildFile; fileRef = 962EBCC32B3847A300C3866B /* Resources.swift */; };
		9666D15F2B8FACFA008BCAD6 /* ActivityViewModel.swift in Sources */ = {isa = PBXBuildFile; fileRef = 962EBCF22B38751300C3866B /* ActivityViewModel.swift */; };
		9666D1602B8FACFA008BCAD6 /* FitnessTrackerApp.swift in Sources */ = {isa = PBXBuildFile; fileRef = 96B87FDF2B37527100E9BEAD /* FitnessTrackerApp.swift */; };
		9666D1612B8FACFA008BCAD6 /* ActivityDetailsView.swift in Sources */ = {isa = PBXBuildFile; fileRef = 962EBCF72B387C8300C3866B /* ActivityDetailsView.swift */; };
		9666D1622B8FACFA008BCAD6 /* ActivitiesView.swift in Sources */ = {isa = PBXBuildFile; fileRef = 962EBCE82B3873CA00C3866B /* ActivitiesView.swift */; };
		9666D1632B8FACFA008BCAD6 /* RunRouteDataModel.swift in Sources */ = {isa = PBXBuildFile; fileRef = 96AD1DA92B5F12D2000F9EF4 /* RunRouteDataModel.swift */; };
		9666D1642B8FACFA008BCAD6 /* LoginViewModel.swift in Sources */ = {isa = PBXBuildFile; fileRef = 962EBCDB2B38701B00C3866B /* LoginViewModel.swift */; };
		9666D1652B8FACFA008BCAD6 /* FitnessTracker.xcdatamodeld in Sources */ = {isa = PBXBuildFile; fileRef = 96B87FEA2B37527300E9BEAD /* FitnessTracker.xcdatamodeld */; };
		9666D1662B8FACFA008BCAD6 /* RunMotionDataModel.swift in Sources */ = {isa = PBXBuildFile; fileRef = 96D8AA172B73E6C500B3071B /* RunMotionDataModel.swift */; };
		9666D1672B8FACFA008BCAD6 /* ActivitySelectionViewController.swift in Sources */ = {isa = PBXBuildFile; fileRef = 962EBD042B389C0D00C3866B /* ActivitySelectionViewController.swift */; };
		9666D1682B8FACFA008BCAD6 /* SetsInfoView.swift in Sources */ = {isa = PBXBuildFile; fileRef = 962EBD082B38A04F00C3866B /* SetsInfoView.swift */; };
		9666D1692B8FACFA008BCAD6 /* DefaultTextFieldView.swift in Sources */ = {isa = PBXBuildFile; fileRef = 962EBCD82B386F3700C3866B /* DefaultTextFieldView.swift */; };
		9666D16A2B8FACFA008BCAD6 /* ProfileView.swift in Sources */ = {isa = PBXBuildFile; fileRef = 962EBCE62B3872AE00C3866B /* ProfileView.swift */; };
		9666D16B2B8FACFA008BCAD6 /* Constants.swift in Sources */ = {isa = PBXBuildFile; fileRef = 962EBCCB2B384E8A00C3866B /* Constants.swift */; };
		9666D16C2B8FACFA008BCAD6 /* PopUpModalController.swift in Sources */ = {isa = PBXBuildFile; fileRef = 962EBD222B38A2F400C3866B /* PopUpModalController.swift */; };
		9666D16D2B8FACFA008BCAD6 /* RunExerciseController.swift in Sources */ = {isa = PBXBuildFile; fileRef = 96BC470E2B5C43B300BDD797 /* RunExerciseController.swift */; };
		9666D16E2B8FACFA008BCAD6 /* ActivityDataModel.swift in Sources */ = {isa = PBXBuildFile; fileRef = 962EBCED2B38744000C3866B /* ActivityDataModel.swift */; };
		9666D16F2B8FACFA008BCAD6 /* SetsExerciseSettingsModel.swift in Sources */ = {isa = PBXBuildFile; fileRef = 962EBD0D2B38A12900C3866B /* SetsExerciseSettingsModel.swift */; };
		9666D1702B8FACFA008BCAD6 /* LoginRequest.swift in Sources */ = {isa = PBXBuildFile; fileRef = 96661EB52B4684A500546BF3 /* LoginRequest.swift */; };
		9666D1712B8FACFA008BCAD6 /* ServerRequest.swift in Sources */ = {isa = PBXBuildFile; fileRef = 96661EBA2B46AB9700546BF3 /* ServerRequest.swift */; };
		9666D1722B8FACFA008BCAD6 /* RoundTimerView.swift in Sources */ = {isa = PBXBuildFile; fileRef = 962EBD1C2B38A25C00C3866B /* RoundTimerView.swift */; };
		9666D1752B8FACFA008BCAD6 /* Preview Assets.xcassets in Resources */ = {isa = PBXBuildFile; fileRef = 96B87FE62B37527300E9BEAD /* Preview Assets.xcassets */; };
		9666D1762B8FACFA008BCAD6 /* Assets.xcassets in Resources */ = {isa = PBXBuildFile; fileRef = 96B87FE32B37527300E9BEAD /* Assets.xcassets */; };
		9666D17E2B8FB890008BCAD6 /* StopwatchService.swift in Sources */ = {isa = PBXBuildFile; fileRef = 9666D17D2B8FB890008BCAD6 /* StopwatchService.swift */; };
		9666D17F2B8FBB5E008BCAD6 /* StopwatchService.swift in Sources */ = {isa = PBXBuildFile; fileRef = 9666D17D2B8FB890008BCAD6 /* StopwatchService.swift */; };
		96AD1DA72B5F08D4000F9EF4 /* ExerciseLocationManager.swift in Sources */ = {isa = PBXBuildFile; fileRef = 96AD1DA62B5F08D4000F9EF4 /* ExerciseLocationManager.swift */; };
		96AD1DAA2B5F12D2000F9EF4 /* RunRouteDataModel.swift in Sources */ = {isa = PBXBuildFile; fileRef = 96AD1DA92B5F12D2000F9EF4 /* RunRouteDataModel.swift */; };
		96B87FE02B37527100E9BEAD /* FitnessTrackerApp.swift in Sources */ = {isa = PBXBuildFile; fileRef = 96B87FDF2B37527100E9BEAD /* FitnessTrackerApp.swift */; };
		96B87FE22B37527100E9BEAD /* ContentView.swift in Sources */ = {isa = PBXBuildFile; fileRef = 96B87FE12B37527100E9BEAD /* ContentView.swift */; };
		96B87FE42B37527300E9BEAD /* Assets.xcassets in Resources */ = {isa = PBXBuildFile; fileRef = 96B87FE32B37527300E9BEAD /* Assets.xcassets */; };
		96B87FE72B37527300E9BEAD /* Preview Assets.xcassets in Resources */ = {isa = PBXBuildFile; fileRef = 96B87FE62B37527300E9BEAD /* Preview Assets.xcassets */; };
		96B87FE92B37527300E9BEAD /* Persistence.swift in Sources */ = {isa = PBXBuildFile; fileRef = 96B87FE82B37527300E9BEAD /* Persistence.swift */; };
		96B87FEC2B37527300E9BEAD /* FitnessTracker.xcdatamodeld in Sources */ = {isa = PBXBuildFile; fileRef = 96B87FEA2B37527300E9BEAD /* FitnessTracker.xcdatamodeld */; };
		96BC470F2B5C43B300BDD797 /* RunExerciseController.swift in Sources */ = {isa = PBXBuildFile; fileRef = 96BC470E2B5C43B300BDD797 /* RunExerciseController.swift */; };
		96C4B9C82B60538000973D6E /* RunExerciseInfoView.swift in Sources */ = {isa = PBXBuildFile; fileRef = 96C4B9C72B60538000973D6E /* RunExerciseInfoView.swift */; };
		96D8AA162B73E44C00B3071B /* ExerciseMotionManager.swift in Sources */ = {isa = PBXBuildFile; fileRef = 96D8AA152B73E44C00B3071B /* ExerciseMotionManager.swift */; };
		96D8AA182B73E6C500B3071B /* RunMotionDataModel.swift in Sources */ = {isa = PBXBuildFile; fileRef = 96D8AA172B73E6C500B3071B /* RunMotionDataModel.swift */; };
		96FD941D2B5D4966005955D7 /* MapViewController.swift in Sources */ = {isa = PBXBuildFile; fileRef = 96FD941C2B5D4966005955D7 /* MapViewController.swift */; };
/* End PBXBuildFile section */

/* Begin PBXFileReference section */
		962EBCC12B38451400C3866B /* InitialView.swift */ = {isa = PBXFileReference; lastKnownFileType = sourcecode.swift; path = InitialView.swift; sourceTree = "<group>"; };
		962EBCC32B3847A300C3866B /* Resources.swift */ = {isa = PBXFileReference; lastKnownFileType = sourcecode.swift; path = Resources.swift; sourceTree = "<group>"; };
		962EBCC82B384E4A00C3866B /* RegistrationView.swift */ = {isa = PBXFileReference; lastKnownFileType = sourcecode.swift; path = RegistrationView.swift; sourceTree = "<group>"; };
		962EBCCB2B384E8A00C3866B /* Constants.swift */ = {isa = PBXFileReference; lastKnownFileType = sourcecode.swift; path = Constants.swift; sourceTree = "<group>"; };
		962EBCCE2B3863C200C3866B /* LoginView.swift */ = {isa = PBXFileReference; lastKnownFileType = sourcecode.swift; path = LoginView.swift; sourceTree = "<group>"; };
		962EBCD42B38688C00C3866B /* RegistrationViewModel.swift */ = {isa = PBXFileReference; lastKnownFileType = sourcecode.swift; name = RegistrationViewModel.swift; path = FitnessTracker/RegistrationScreen/ViewModel/RegistrationViewModel.swift; sourceTree = SOURCE_ROOT; };
		962EBCD82B386F3700C3866B /* DefaultTextFieldView.swift */ = {isa = PBXFileReference; lastKnownFileType = sourcecode.swift; path = DefaultTextFieldView.swift; sourceTree = "<group>"; };
		962EBCDB2B38701B00C3866B /* LoginViewModel.swift */ = {isa = PBXFileReference; lastKnownFileType = sourcecode.swift; path = LoginViewModel.swift; sourceTree = "<group>"; };
		962EBCDF2B38724100C3866B /* MainView.swift */ = {isa = PBXFileReference; lastKnownFileType = sourcecode.swift; path = MainView.swift; sourceTree = "<group>"; };
		962EBCE62B3872AE00C3866B /* ProfileView.swift */ = {isa = PBXFileReference; lastKnownFileType = sourcecode.swift; path = ProfileView.swift; sourceTree = "<group>"; };
		962EBCE82B3873CA00C3866B /* ActivitiesView.swift */ = {isa = PBXFileReference; lastKnownFileType = sourcecode.swift; path = ActivitiesView.swift; sourceTree = "<group>"; };
		962EBCEA2B3873FD00C3866B /* ActivityCardView.swift */ = {isa = PBXFileReference; lastKnownFileType = sourcecode.swift; path = ActivityCardView.swift; sourceTree = "<group>"; };
		962EBCED2B38744000C3866B /* ActivityDataModel.swift */ = {isa = PBXFileReference; lastKnownFileType = sourcecode.swift; path = ActivityDataModel.swift; sourceTree = "<group>"; };
		962EBCEF2B3874B100C3866B /* ActivityListView.swift */ = {isa = PBXFileReference; lastKnownFileType = sourcecode.swift; path = ActivityListView.swift; sourceTree = "<group>"; };
		962EBCF22B38751300C3866B /* ActivityViewModel.swift */ = {isa = PBXFileReference; lastKnownFileType = sourcecode.swift; path = ActivityViewModel.swift; sourceTree = "<group>"; };
		962EBCF42B38757C00C3866B /* CommonDefines.swift */ = {isa = PBXFileReference; lastKnownFileType = sourcecode.swift; path = CommonDefines.swift; sourceTree = "<group>"; };
		962EBCF72B387C8300C3866B /* ActivityDetailsView.swift */ = {isa = PBXFileReference; lastKnownFileType = sourcecode.swift; path = ActivityDetailsView.swift; sourceTree = "<group>"; };
		962EBCFB2B387D3000C3866B /* ActivityDetailsViewModel.swift */ = {isa = PBXFileReference; lastKnownFileType = sourcecode.swift; path = ActivityDetailsViewModel.swift; sourceTree = "<group>"; };
		962EBCFD2B38921400C3866B /* ActivitiesRepository.swift */ = {isa = PBXFileReference; lastKnownFileType = sourcecode.swift; path = ActivitiesRepository.swift; sourceTree = "<group>"; };
		962EBD022B389BC500C3866B /* ActivitySelectionView.swift */ = {isa = PBXFileReference; lastKnownFileType = sourcecode.swift; path = ActivitySelectionView.swift; sourceTree = "<group>"; };
		962EBD042B389C0D00C3866B /* ActivitySelectionViewController.swift */ = {isa = PBXFileReference; lastKnownFileType = sourcecode.swift; path = ActivitySelectionViewController.swift; sourceTree = "<group>"; };
		962EBD082B38A04F00C3866B /* SetsInfoView.swift */ = {isa = PBXFileReference; lastKnownFileType = sourcecode.swift; path = SetsInfoView.swift; sourceTree = "<group>"; };
		962EBD0A2B38A05D00C3866B /* ExerciseParamView.swift */ = {isa = PBXFileReference; lastKnownFileType = sourcecode.swift; path = ExerciseParamView.swift; sourceTree = "<group>"; };
		962EBD0D2B38A12900C3866B /* SetsExerciseSettingsModel.swift */ = {isa = PBXFileReference; lastKnownFileType = sourcecode.swift; path = SetsExerciseSettingsModel.swift; sourceTree = "<group>"; };
		962EBD112B38A16600C3866B /* SetsExerciseController.swift */ = {isa = PBXFileReference; lastKnownFileType = sourcecode.swift; path = SetsExerciseController.swift; sourceTree = "<group>"; };
		962EBD182B38A23300C3866B /* RoundTimerController.swift */ = {isa = PBXFileReference; lastKnownFileType = sourcecode.swift; path = RoundTimerController.swift; sourceTree = "<group>"; };
		962EBD1C2B38A25C00C3866B /* RoundTimerView.swift */ = {isa = PBXFileReference; lastKnownFileType = sourcecode.swift; path = RoundTimerView.swift; sourceTree = "<group>"; };
		962EBD1E2B38A27D00C3866B /* RoundTimerService.swift */ = {isa = PBXFileReference; lastKnownFileType = sourcecode.swift; path = RoundTimerService.swift; sourceTree = "<group>"; };
		962EBD222B38A2F400C3866B /* PopUpModalController.swift */ = {isa = PBXFileReference; lastKnownFileType = sourcecode.swift; path = PopUpModalController.swift; sourceTree = "<group>"; };
		962EBD3A2B39E26E00C3866B /* CoreDataRepository.swift */ = {isa = PBXFileReference; lastKnownFileType = sourcecode.swift; path = CoreDataRepository.swift; sourceTree = "<group>"; };
		96661EB52B4684A500546BF3 /* LoginRequest.swift */ = {isa = PBXFileReference; lastKnownFileType = sourcecode.swift; path = LoginRequest.swift; sourceTree = "<group>"; };
		96661EB72B4684AE00546BF3 /* LoginResponse.swift */ = {isa = PBXFileReference; lastKnownFileType = sourcecode.swift; path = LoginResponse.swift; sourceTree = "<group>"; };
		96661EBA2B46AB9700546BF3 /* ServerRequest.swift */ = {isa = PBXFileReference; lastKnownFileType = sourcecode.swift; path = ServerRequest.swift; sourceTree = "<group>"; };
		96661EBC2B46D5FB00546BF3 /* ServerResponse.swift */ = {isa = PBXFileReference; lastKnownFileType = sourcecode.swift; path = ServerResponse.swift; sourceTree = "<group>"; };
		96661EBE2B47225C00546BF3 /* RegistrationRequest.swift */ = {isa = PBXFileReference; lastKnownFileType = sourcecode.swift; path = RegistrationRequest.swift; sourceTree = "<group>"; };
		96661EC02B47D13A00546BF3 /* RegistrationResponse.swift */ = {isa = PBXFileReference; lastKnownFileType = sourcecode.swift; path = RegistrationResponse.swift; sourceTree = "<group>"; };
		96661EC42B490E2100546BF3 /* SecureStorage.swift */ = {isa = PBXFileReference; lastKnownFileType = sourcecode.swift; path = SecureStorage.swift; sourceTree = "<group>"; };
		96661EC62B490E5000546BF3 /* TokenStorage.swift */ = {isa = PBXFileReference; lastKnownFileType = sourcecode.swift; path = TokenStorage.swift; sourceTree = "<group>"; };
		96661EC82B4911B500546BF3 /* Auth.swift */ = {isa = PBXFileReference; lastKnownFileType = sourcecode.swift; path = Auth.swift; sourceTree = "<group>"; };
		9666D17A2B8FACFA008BCAD6 /* FitnessTracker(Simulator).app */ = {isa = PBXFileReference; explicitFileType = wrapper.application; includeInIndex = 0; path = "FitnessTracker(Simulator).app"; sourceTree = BUILT_PRODUCTS_DIR; };
		9666D17D2B8FB890008BCAD6 /* StopwatchService.swift */ = {isa = PBXFileReference; lastKnownFileType = sourcecode.swift; path = StopwatchService.swift; sourceTree = "<group>"; };
		96AD1DA62B5F08D4000F9EF4 /* ExerciseLocationManager.swift */ = {isa = PBXFileReference; lastKnownFileType = sourcecode.swift; path = ExerciseLocationManager.swift; sourceTree = "<group>"; };
		96AD1DA92B5F12D2000F9EF4 /* RunRouteDataModel.swift */ = {isa = PBXFileReference; lastKnownFileType = sourcecode.swift; path = RunRouteDataModel.swift; sourceTree = "<group>"; };
		96B87FDC2B37527100E9BEAD /* FitnessTracker.app */ = {isa = PBXFileReference; explicitFileType = wrapper.application; includeInIndex = 0; path = FitnessTracker.app; sourceTree = BUILT_PRODUCTS_DIR; };
		96B87FDF2B37527100E9BEAD /* FitnessTrackerApp.swift */ = {isa = PBXFileReference; lastKnownFileType = sourcecode.swift; path = FitnessTrackerApp.swift; sourceTree = "<group>"; };
		96B87FE12B37527100E9BEAD /* ContentView.swift */ = {isa = PBXFileReference; lastKnownFileType = sourcecode.swift; path = ContentView.swift; sourceTree = "<group>"; };
		96B87FE32B37527300E9BEAD /* Assets.xcassets */ = {isa = PBXFileReference; lastKnownFileType = folder.assetcatalog; path = Assets.xcassets; sourceTree = "<group>"; };
		96B87FE62B37527300E9BEAD /* Preview Assets.xcassets */ = {isa = PBXFileReference; lastKnownFileType = folder.assetcatalog; path = "Preview Assets.xcassets"; sourceTree = "<group>"; };
		96B87FE82B37527300E9BEAD /* Persistence.swift */ = {isa = PBXFileReference; lastKnownFileType = sourcecode.swift; path = Persistence.swift; sourceTree = "<group>"; };
		96B87FEB2B37527300E9BEAD /* FitnessTracker.xcdatamodel */ = {isa = PBXFileReference; lastKnownFileType = wrapper.xcdatamodel; path = FitnessTracker.xcdatamodel; sourceTree = "<group>"; };
		96BC470E2B5C43B300BDD797 /* RunExerciseController.swift */ = {isa = PBXFileReference; lastKnownFileType = sourcecode.swift; path = RunExerciseController.swift; sourceTree = "<group>"; };
		96C4B9C72B60538000973D6E /* RunExerciseInfoView.swift */ = {isa = PBXFileReference; lastKnownFileType = sourcecode.swift; path = RunExerciseInfoView.swift; sourceTree = "<group>"; };
		96D8AA152B73E44C00B3071B /* ExerciseMotionManager.swift */ = {isa = PBXFileReference; lastKnownFileType = sourcecode.swift; path = ExerciseMotionManager.swift; sourceTree = "<group>"; };
		96D8AA172B73E6C500B3071B /* RunMotionDataModel.swift */ = {isa = PBXFileReference; lastKnownFileType = sourcecode.swift; path = RunMotionDataModel.swift; sourceTree = "<group>"; };
		96FD941C2B5D4966005955D7 /* MapViewController.swift */ = {isa = PBXFileReference; lastKnownFileType = sourcecode.swift; path = MapViewController.swift; sourceTree = "<group>"; };
/* End PBXFileReference section */

/* Begin PBXFrameworksBuildPhase section */
		9666D1732B8FACFA008BCAD6 /* Frameworks */ = {
			isa = PBXFrameworksBuildPhase;
			buildActionMask = 2147483647;
			files = (
			);
			runOnlyForDeploymentPostprocessing = 0;
		};
		96B87FD92B37527100E9BEAD /* Frameworks */ = {
			isa = PBXFrameworksBuildPhase;
			buildActionMask = 2147483647;
			files = (
			);
			runOnlyForDeploymentPostprocessing = 0;
		};
/* End PBXFrameworksBuildPhase section */

/* Begin PBXGroup section */
		962EBCBF2B3844DA00C3866B /* WelcomeScreen */ = {
			isa = PBXGroup;
			children = (
				962EBCC02B3844F900C3866B /* View */,
			);
			path = WelcomeScreen;
			sourceTree = "<group>";
		};
		962EBCC02B3844F900C3866B /* View */ = {
			isa = PBXGroup;
			children = (
				962EBCC12B38451400C3866B /* InitialView.swift */,
			);
			path = View;
			sourceTree = "<group>";
		};
		962EBCC52B3847E800C3866B /* Resources */ = {
			isa = PBXGroup;
			children = (
			);
			path = Resources;
			sourceTree = "<group>";
		};
		962EBCC62B384C9000C3866B /* RegistrationScreen */ = {
			isa = PBXGroup;
			children = (
				962EBCD12B38670300C3866B /* ViewModel */,
				962EBCD02B3866FD00C3866B /* Model */,
				962EBCCA2B384E6B00C3866B /* View */,
			);
			path = RegistrationScreen;
			sourceTree = "<group>";
		};
		962EBCC72B384C9900C3866B /* LoginScreen */ = {
			isa = PBXGroup;
			children = (
				96661EB42B46847300546BF3 /* Model */,
				962EBCDA2B38700000C3866B /* ViewModel */,
				962EBCCD2B3863B400C3866B /* View */,
			);
			path = LoginScreen;
			sourceTree = "<group>";
		};
		962EBCCA2B384E6B00C3866B /* View */ = {
			isa = PBXGroup;
			children = (
				962EBCC82B384E4A00C3866B /* RegistrationView.swift */,
			);
			path = View;
			sourceTree = "<group>";
		};
		962EBCCD2B3863B400C3866B /* View */ = {
			isa = PBXGroup;
			children = (
				962EBCCE2B3863C200C3866B /* LoginView.swift */,
			);
			path = View;
			sourceTree = "<group>";
		};
		962EBCD02B3866FD00C3866B /* Model */ = {
			isa = PBXGroup;
			children = (
				96661EBE2B47225C00546BF3 /* RegistrationRequest.swift */,
				96661EC02B47D13A00546BF3 /* RegistrationResponse.swift */,
			);
			path = Model;
			sourceTree = "<group>";
		};
		962EBCD12B38670300C3866B /* ViewModel */ = {
			isa = PBXGroup;
			children = (
				962EBCD42B38688C00C3866B /* RegistrationViewModel.swift */,
			);
			path = ViewModel;
			sourceTree = "<group>";
		};
		962EBCD62B386F0A00C3866B /* Common */ = {
			isa = PBXGroup;
			children = (
				96661EB92B46AB8A00546BF3 /* Server */,
				962EBD202B38A2D700C3866B /* PopUpModal */,
				962EBD142B38A20900C3866B /* RoundTimer */,
				962EBCD72B386F1C00C3866B /* View */,
				962EBCF42B38757C00C3866B /* CommonDefines.swift */,
			);
			path = Common;
			sourceTree = "<group>";
		};
		962EBCD72B386F1C00C3866B /* View */ = {
			isa = PBXGroup;
			children = (
				962EBCD82B386F3700C3866B /* DefaultTextFieldView.swift */,
			);
			path = View;
			sourceTree = "<group>";
		};
		962EBCDA2B38700000C3866B /* ViewModel */ = {
			isa = PBXGroup;
			children = (
				962EBCDB2B38701B00C3866B /* LoginViewModel.swift */,
			);
			path = ViewModel;
			sourceTree = "<group>";
		};
		962EBCDD2B38722700C3866B /* MainScreen */ = {
			isa = PBXGroup;
			children = (
				962EBCDE2B38723300C3866B /* View */,
			);
			path = MainScreen;
			sourceTree = "<group>";
		};
		962EBCDE2B38723300C3866B /* View */ = {
			isa = PBXGroup;
			children = (
				962EBCDF2B38724100C3866B /* MainView.swift */,
			);
			path = View;
			sourceTree = "<group>";
		};
		962EBCE12B38725A00C3866B /* ProfileScreen */ = {
			isa = PBXGroup;
			children = (
				962EBCE32B38726A00C3866B /* View */,
			);
			path = ProfileScreen;
			sourceTree = "<group>";
		};
		962EBCE22B38726200C3866B /* ActivitiesScreen */ = {
			isa = PBXGroup;
			children = (
				962EBCF12B3874FD00C3866B /* ViewModel */,
				962EBCE42B38726F00C3866B /* View */,
			);
			path = ActivitiesScreen;
			sourceTree = "<group>";
		};
		962EBCE32B38726A00C3866B /* View */ = {
			isa = PBXGroup;
			children = (
				962EBCE62B3872AE00C3866B /* ProfileView.swift */,
			);
			path = View;
			sourceTree = "<group>";
		};
		962EBCE42B38726F00C3866B /* View */ = {
			isa = PBXGroup;
			children = (
				962EBCE82B3873CA00C3866B /* ActivitiesView.swift */,
				962EBCEA2B3873FD00C3866B /* ActivityCardView.swift */,
				962EBCEF2B3874B100C3866B /* ActivityListView.swift */,
			);
			path = View;
			sourceTree = "<group>";
		};
		962EBCEC2B38742200C3866B /* Repository */ = {
			isa = PBXGroup;
			children = (
				962EBD262B39DE7200C3866B /* Entity */,
				962EBCED2B38744000C3866B /* ActivityDataModel.swift */,
				962EBCFD2B38921400C3866B /* ActivitiesRepository.swift */,
				962EBD3A2B39E26E00C3866B /* CoreDataRepository.swift */,
			);
			path = Repository;
			sourceTree = "<group>";
		};
		962EBCF12B3874FD00C3866B /* ViewModel */ = {
			isa = PBXGroup;
			children = (
				962EBCF22B38751300C3866B /* ActivityViewModel.swift */,
			);
			path = ViewModel;
			sourceTree = "<group>";
		};
		962EBCF62B387C6600C3866B /* ActivityDetailsScreen */ = {
			isa = PBXGroup;
			children = (
				962EBCFA2B387D1B00C3866B /* ViewModel */,
				962EBCF92B387C8700C3866B /* View */,
			);
			path = ActivityDetailsScreen;
			sourceTree = "<group>";
		};
		962EBCF92B387C8700C3866B /* View */ = {
			isa = PBXGroup;
			children = (
				962EBCF72B387C8300C3866B /* ActivityDetailsView.swift */,
			);
			path = View;
			sourceTree = "<group>";
		};
		962EBCFA2B387D1B00C3866B /* ViewModel */ = {
			isa = PBXGroup;
			children = (
				962EBCFB2B387D3000C3866B /* ActivityDetailsViewModel.swift */,
			);
			path = ViewModel;
			sourceTree = "<group>";
		};
		962EBCFF2B389B8D00C3866B /* ActivitySelectionScreen */ = {
			isa = PBXGroup;
			children = (
				962EBD012B389BB000C3866B /* Controller */,
				962EBD002B389BAA00C3866B /* View */,
			);
			path = ActivitySelectionScreen;
			sourceTree = "<group>";
		};
		962EBD002B389BAA00C3866B /* View */ = {
			isa = PBXGroup;
			children = (
				962EBD022B389BC500C3866B /* ActivitySelectionView.swift */,
			);
			path = View;
			sourceTree = "<group>";
		};
		962EBD012B389BB000C3866B /* Controller */ = {
			isa = PBXGroup;
			children = (
				962EBD042B389C0D00C3866B /* ActivitySelectionViewController.swift */,
			);
			path = Controller;
			sourceTree = "<group>";
		};
		962EBD062B38A01D00C3866B /* SetsExerciseScreen */ = {
			isa = PBXGroup;
			children = (
				962EBD0F2B38A14900C3866B /* Controllers */,
				962EBD0C2B38A0F800C3866B /* Model */,
				962EBD072B38A03B00C3866B /* View */,
			);
			path = SetsExerciseScreen;
			sourceTree = "<group>";
		};
		962EBD072B38A03B00C3866B /* View */ = {
			isa = PBXGroup;
			children = (
				962EBD082B38A04F00C3866B /* SetsInfoView.swift */,
				962EBD0A2B38A05D00C3866B /* ExerciseParamView.swift */,
			);
			path = View;
			sourceTree = "<group>";
		};
		962EBD0C2B38A0F800C3866B /* Model */ = {
			isa = PBXGroup;
			children = (
				962EBD0D2B38A12900C3866B /* SetsExerciseSettingsModel.swift */,
			);
			path = Model;
			sourceTree = "<group>";
		};
		962EBD0F2B38A14900C3866B /* Controllers */ = {
			isa = PBXGroup;
			children = (
				962EBD112B38A16600C3866B /* SetsExerciseController.swift */,
			);
			path = Controllers;
			sourceTree = "<group>";
		};
		962EBD142B38A20900C3866B /* RoundTimer */ = {
			isa = PBXGroup;
			children = (
				962EBD172B38A22500C3866B /* Controller */,
				962EBD162B38A21A00C3866B /* Service */,
				962EBD152B38A21400C3866B /* View */,
			);
			path = RoundTimer;
			sourceTree = "<group>";
		};
		962EBD152B38A21400C3866B /* View */ = {
			isa = PBXGroup;
			children = (
				962EBD1C2B38A25C00C3866B /* RoundTimerView.swift */,
			);
			path = View;
			sourceTree = "<group>";
		};
		962EBD162B38A21A00C3866B /* Service */ = {
			isa = PBXGroup;
			children = (
				962EBD1E2B38A27D00C3866B /* RoundTimerService.swift */,
			);
			path = Service;
			sourceTree = "<group>";
		};
		962EBD172B38A22500C3866B /* Controller */ = {
			isa = PBXGroup;
			children = (
				962EBD182B38A23300C3866B /* RoundTimerController.swift */,
			);
			path = Controller;
			sourceTree = "<group>";
		};
		962EBD202B38A2D700C3866B /* PopUpModal */ = {
			isa = PBXGroup;
			children = (
				962EBD212B38A2E200C3866B /* Controller */,
			);
			path = PopUpModal;
			sourceTree = "<group>";
		};
		962EBD212B38A2E200C3866B /* Controller */ = {
			isa = PBXGroup;
			children = (
				962EBD222B38A2F400C3866B /* PopUpModalController.swift */,
			);
			path = Controller;
			sourceTree = "<group>";
		};
		962EBD242B39D05400C3866B /* App */ = {
			isa = PBXGroup;
			children = (
				962EBD252B39D05900C3866B /* View */,
			);
			path = App;
			sourceTree = "<group>";
		};
		962EBD252B39D05900C3866B /* View */ = {
			isa = PBXGroup;
			children = (
			);
			path = View;
			sourceTree = "<group>";
		};
		962EBD262B39DE7200C3866B /* Entity */ = {
			isa = PBXGroup;
			children = (
			);
			path = Entity;
			sourceTree = "<group>";
		};
		96661EB42B46847300546BF3 /* Model */ = {
			isa = PBXGroup;
			children = (
				96661EB52B4684A500546BF3 /* LoginRequest.swift */,
				96661EB72B4684AE00546BF3 /* LoginResponse.swift */,
			);
			path = Model;
			sourceTree = "<group>";
		};
		96661EB92B46AB8A00546BF3 /* Server */ = {
			isa = PBXGroup;
			children = (
				96661EBA2B46AB9700546BF3 /* ServerRequest.swift */,
				96661EBC2B46D5FB00546BF3 /* ServerResponse.swift */,
			);
			path = Server;
			sourceTree = "<group>";
		};
		96661EC22B490DF400546BF3 /* Storage */ = {
			isa = PBXGroup;
			children = (
				96661EC32B490DFF00546BF3 /* Auth */,
				96661EC42B490E2100546BF3 /* SecureStorage.swift */,
			);
			path = Storage;
			sourceTree = "<group>";
		};
		96661EC32B490DFF00546BF3 /* Auth */ = {
			isa = PBXGroup;
			children = (
				96661EC62B490E5000546BF3 /* TokenStorage.swift */,
				96661EC82B4911B500546BF3 /* Auth.swift */,
			);
			path = Auth;
			sourceTree = "<group>";
		};
		9666D17C2B8FB87D008BCAD6 /* Service */ = {
			isa = PBXGroup;
			children = (
				9666D17D2B8FB890008BCAD6 /* StopwatchService.swift */,
			);
			path = Service;
			sourceTree = "<group>";
		};
		96AD1DA52B5F08C2000F9EF4 /* Utils */ = {
			isa = PBXGroup;
			children = (
				96AD1DA62B5F08D4000F9EF4 /* ExerciseLocationManager.swift */,
				96D8AA152B73E44C00B3071B /* ExerciseMotionManager.swift */,
			);
			path = Utils;
			sourceTree = "<group>";
		};
		96AD1DA82B5F12BF000F9EF4 /* Model */ = {
			isa = PBXGroup;
			children = (
				96AD1DA92B5F12D2000F9EF4 /* RunRouteDataModel.swift */,
				96D8AA172B73E6C500B3071B /* RunMotionDataModel.swift */,
			);
			path = Model;
			sourceTree = "<group>";
		};
		96B87FD32B37527100E9BEAD = {
			isa = PBXGroup;
			children = (
				96B87FDE2B37527100E9BEAD /* FitnessTracker */,
				96B87FDD2B37527100E9BEAD /* Products */,
			);
			sourceTree = "<group>";
		};
		96B87FDD2B37527100E9BEAD /* Products */ = {
			isa = PBXGroup;
			children = (
				96B87FDC2B37527100E9BEAD /* FitnessTracker.app */,
				9666D17A2B8FACFA008BCAD6 /* FitnessTracker(Simulator).app */,
			);
			name = Products;
			sourceTree = "<group>";
		};
		96B87FDE2B37527100E9BEAD /* FitnessTracker */ = {
			isa = PBXGroup;
			children = (
				96BC470C2B5C438400BDD797 /* RunExerciseScreen */,
				96661EC22B490DF400546BF3 /* Storage */,
				962EBD242B39D05400C3866B /* App */,
				962EBD062B38A01D00C3866B /* SetsExerciseScreen */,
				962EBCFF2B389B8D00C3866B /* ActivitySelectionScreen */,
				962EBCF62B387C6600C3866B /* ActivityDetailsScreen */,
				962EBCEC2B38742200C3866B /* Repository */,
				962EBCE22B38726200C3866B /* ActivitiesScreen */,
				962EBCE12B38725A00C3866B /* ProfileScreen */,
				962EBCDD2B38722700C3866B /* MainScreen */,
				962EBCD62B386F0A00C3866B /* Common */,
				962EBCC72B384C9900C3866B /* LoginScreen */,
				962EBCC62B384C9000C3866B /* RegistrationScreen */,
				962EBCC52B3847E800C3866B /* Resources */,
				962EBCBF2B3844DA00C3866B /* WelcomeScreen */,
				96B87FDF2B37527100E9BEAD /* FitnessTrackerApp.swift */,
				96B87FE12B37527100E9BEAD /* ContentView.swift */,
				96B87FE32B37527300E9BEAD /* Assets.xcassets */,
				96B87FE82B37527300E9BEAD /* Persistence.swift */,
				96B87FEA2B37527300E9BEAD /* FitnessTracker.xcdatamodeld */,
				96B87FE52B37527300E9BEAD /* Preview Content */,
				962EBCC32B3847A300C3866B /* Resources.swift */,
				962EBCCB2B384E8A00C3866B /* Constants.swift */,
			);
			path = FitnessTracker;
			sourceTree = "<group>";
		};
		96B87FE52B37527300E9BEAD /* Preview Content */ = {
			isa = PBXGroup;
			children = (
				96B87FE62B37527300E9BEAD /* Preview Assets.xcassets */,
			);
			path = "Preview Content";
			sourceTree = "<group>";
		};
		96BC470C2B5C438400BDD797 /* RunExerciseScreen */ = {
			isa = PBXGroup;
			children = (
				9666D17C2B8FB87D008BCAD6 /* Service */,
				96C4B9C62B6052D600973D6E /* View */,
				96AD1DA82B5F12BF000F9EF4 /* Model */,
				96AD1DA52B5F08C2000F9EF4 /* Utils */,
				96BC470D2B5C43A200BDD797 /* Controllers */,
			);
			path = RunExerciseScreen;
			sourceTree = "<group>";
		};
		96BC470D2B5C43A200BDD797 /* Controllers */ = {
			isa = PBXGroup;
			children = (
				96BC470E2B5C43B300BDD797 /* RunExerciseController.swift */,
				96FD941C2B5D4966005955D7 /* MapViewController.swift */,
			);
			path = Controllers;
			sourceTree = "<group>";
		};
		96C4B9C62B6052D600973D6E /* View */ = {
			isa = PBXGroup;
			children = (
				96C4B9C72B60538000973D6E /* RunExerciseInfoView.swift */,
			);
			path = View;
			sourceTree = "<group>";
		};
/* End PBXGroup section */

/* Begin PBXNativeTarget section */
		9666D13F2B8FACFA008BCAD6 /* FitnessTracker(Simulator) */ = {
			isa = PBXNativeTarget;
			buildConfigurationList = 9666D1772B8FACFA008BCAD6 /* Build configuration list for PBXNativeTarget "FitnessTracker(Simulator)" */;
			buildPhases = (
				9666D1402B8FACFA008BCAD6 /* Sources */,
				9666D1732B8FACFA008BCAD6 /* Frameworks */,
				9666D1742B8FACFA008BCAD6 /* Resources */,
			);
			buildRules = (
			);
			dependencies = (
			);
			name = "FitnessTracker(Simulator)";
			packageProductDependencies = (
			);
			productName = FitnessTracker;
			productReference = 9666D17A2B8FACFA008BCAD6 /* FitnessTracker(Simulator).app */;
			productType = "com.apple.product-type.application";
		};
		96B87FDB2B37527100E9BEAD /* FitnessTracker */ = {
			isa = PBXNativeTarget;
			buildConfigurationList = 96B87FEF2B37527300E9BEAD /* Build configuration list for PBXNativeTarget "FitnessTracker" */;
			buildPhases = (
				96B87FD82B37527100E9BEAD /* Sources */,
				96B87FD92B37527100E9BEAD /* Frameworks */,
				96B87FDA2B37527100E9BEAD /* Resources */,
			);
			buildRules = (
			);
			dependencies = (
			);
			name = FitnessTracker;
			packageProductDependencies = (
			);
			productName = FitnessTracker;
			productReference = 96B87FDC2B37527100E9BEAD /* FitnessTracker.app */;
			productType = "com.apple.product-type.application";
		};
/* End PBXNativeTarget section */

/* Begin PBXProject section */
		96B87FD42B37527100E9BEAD /* Project object */ = {
			isa = PBXProject;
			attributes = {
				BuildIndependentTargetsInParallel = 1;
				LastSwiftUpdateCheck = 1500;
				LastUpgradeCheck = 1500;
				TargetAttributes = {
					96B87FDB2B37527100E9BEAD = {
						CreatedOnToolsVersion = 15.0.1;
					};
				};
			};
			buildConfigurationList = 96B87FD72B37527100E9BEAD /* Build configuration list for PBXProject "FitnessTracker" */;
			compatibilityVersion = "Xcode 14.0";
			developmentRegion = en;
			hasScannedForEncodings = 0;
			knownRegions = (
				en,
				Base,
			);
			mainGroup = 96B87FD32B37527100E9BEAD;
			packageReferences = (
			);
			productRefGroup = 96B87FDD2B37527100E9BEAD /* Products */;
			projectDirPath = "";
			projectRoot = "";
			targets = (
				96B87FDB2B37527100E9BEAD /* FitnessTracker */,
				9666D13F2B8FACFA008BCAD6 /* FitnessTracker(Simulator) */,
			);
		};
/* End PBXProject section */

/* Begin PBXResourcesBuildPhase section */
		9666D1742B8FACFA008BCAD6 /* Resources */ = {
			isa = PBXResourcesBuildPhase;
			buildActionMask = 2147483647;
			files = (
				9666D1752B8FACFA008BCAD6 /* Preview Assets.xcassets in Resources */,
				9666D1762B8FACFA008BCAD6 /* Assets.xcassets in Resources */,
			);
			runOnlyForDeploymentPostprocessing = 0;
		};
		96B87FDA2B37527100E9BEAD /* Resources */ = {
			isa = PBXResourcesBuildPhase;
			buildActionMask = 2147483647;
			files = (
				96B87FE72B37527300E9BEAD /* Preview Assets.xcassets in Resources */,
				96B87FE42B37527300E9BEAD /* Assets.xcassets in Resources */,
			);
			runOnlyForDeploymentPostprocessing = 0;
		};
/* End PBXResourcesBuildPhase section */

/* Begin PBXSourcesBuildPhase section */
		9666D1402B8FACFA008BCAD6 /* Sources */ = {
			isa = PBXSourcesBuildPhase;
			buildActionMask = 2147483647;
			files = (
				9666D17F2B8FBB5E008BCAD6 /* StopwatchService.swift in Sources */,
				9666D1412B8FACFA008BCAD6 /* RoundTimerController.swift in Sources */,
				9666D1422B8FACFA008BCAD6 /* ExerciseParamView.swift in Sources */,
				9666D1432B8FACFA008BCAD6 /* RunExerciseInfoView.swift in Sources */,
				9666D1442B8FACFA008BCAD6 /* LoginResponse.swift in Sources */,
				9666D1452B8FACFA008BCAD6 /* ActivityDetailsViewModel.swift in Sources */,
				9666D1462B8FACFA008BCAD6 /* RegistrationView.swift in Sources */,
				9666D1472B8FACFA008BCAD6 /* SecureStorage.swift in Sources */,
				9666D1482B8FACFA008BCAD6 /* SetsExerciseController.swift in Sources */,
				9666D1492B8FACFA008BCAD6 /* CommonDefines.swift in Sources */,
				9666D14A2B8FACFA008BCAD6 /* ExerciseLocationManager.swift in Sources */,
				9666D14B2B8FACFA008BCAD6 /* MapViewController.swift in Sources */,
				9666D14C2B8FACFA008BCAD6 /* ExerciseMotionManager.swift in Sources */,
				9666D14D2B8FACFA008BCAD6 /* MainView.swift in Sources */,
				9666D14E2B8FACFA008BCAD6 /* RegistrationResponse.swift in Sources */,
				9666D14F2B8FACFA008BCAD6 /* ActivitySelectionView.swift in Sources */,
				9666D1502B8FACFA008BCAD6 /* Persistence.swift in Sources */,
				9666D1512B8FACFA008BCAD6 /* ActivityCardView.swift in Sources */,
				9666D1522B8FACFA008BCAD6 /* CoreDataRepository.swift in Sources */,
				9666D1532B8FACFA008BCAD6 /* Auth.swift in Sources */,
				9666D1542B8FACFA008BCAD6 /* InitialView.swift in Sources */,
				9666D1552B8FACFA008BCAD6 /* ActivityListView.swift in Sources */,
				9666D1562B8FACFA008BCAD6 /* RoundTimerService.swift in Sources */,
				9666D1572B8FACFA008BCAD6 /* ServerResponse.swift in Sources */,
				9666D1582B8FACFA008BCAD6 /* LoginView.swift in Sources */,
				9666D1592B8FACFA008BCAD6 /* TokenStorage.swift in Sources */,
				9666D15A2B8FACFA008BCAD6 /* ActivitiesRepository.swift in Sources */,
				9666D15B2B8FACFA008BCAD6 /* RegistrationRequest.swift in Sources */,
				9666D15C2B8FACFA008BCAD6 /* ContentView.swift in Sources */,
				9666D15D2B8FACFA008BCAD6 /* RegistrationViewModel.swift in Sources */,
				9666D15E2B8FACFA008BCAD6 /* Resources.swift in Sources */,
				9666D15F2B8FACFA008BCAD6 /* ActivityViewModel.swift in Sources */,
				9666D1602B8FACFA008BCAD6 /* FitnessTrackerApp.swift in Sources */,
				9666D1612B8FACFA008BCAD6 /* ActivityDetailsView.swift in Sources */,
				9666D1622B8FACFA008BCAD6 /* ActivitiesView.swift in Sources */,
				9666D1632B8FACFA008BCAD6 /* RunRouteDataModel.swift in Sources */,
				9666D1642B8FACFA008BCAD6 /* LoginViewModel.swift in Sources */,
				9666D1652B8FACFA008BCAD6 /* FitnessTracker.xcdatamodeld in Sources */,
				9666D1662B8FACFA008BCAD6 /* RunMotionDataModel.swift in Sources */,
				9666D1672B8FACFA008BCAD6 /* ActivitySelectionViewController.swift in Sources */,
				9666D1682B8FACFA008BCAD6 /* SetsInfoView.swift in Sources */,
				9666D1692B8FACFA008BCAD6 /* DefaultTextFieldView.swift in Sources */,
				9666D16A2B8FACFA008BCAD6 /* ProfileView.swift in Sources */,
				9666D16B2B8FACFA008BCAD6 /* Constants.swift in Sources */,
				9666D16C2B8FACFA008BCAD6 /* PopUpModalController.swift in Sources */,
				9666D16D2B8FACFA008BCAD6 /* RunExerciseController.swift in Sources */,
				9666D16E2B8FACFA008BCAD6 /* ActivityDataModel.swift in Sources */,
				9666D16F2B8FACFA008BCAD6 /* SetsExerciseSettingsModel.swift in Sources */,
				9666D1702B8FACFA008BCAD6 /* LoginRequest.swift in Sources */,
				9666D1712B8FACFA008BCAD6 /* ServerRequest.swift in Sources */,
				9666D1722B8FACFA008BCAD6 /* RoundTimerView.swift in Sources */,
			);
			runOnlyForDeploymentPostprocessing = 0;
		};
		96B87FD82B37527100E9BEAD /* Sources */ = {
			isa = PBXSourcesBuildPhase;
			buildActionMask = 2147483647;
			files = (
				962EBD192B38A23300C3866B /* RoundTimerController.swift in Sources */,
				962EBD0B2B38A05D00C3866B /* ExerciseParamView.swift in Sources */,
				96C4B9C82B60538000973D6E /* RunExerciseInfoView.swift in Sources */,
				96661EB82B4684AE00546BF3 /* LoginResponse.swift in Sources */,
				962EBCFC2B387D3000C3866B /* ActivityDetailsViewModel.swift in Sources */,
				962EBCC92B384E4A00C3866B /* RegistrationView.swift in Sources */,
				96661EC52B490E2100546BF3 /* SecureStorage.swift in Sources */,
				962EBD122B38A16600C3866B /* SetsExerciseController.swift in Sources */,
				962EBCF52B38757C00C3866B /* CommonDefines.swift in Sources */,
				96AD1DA72B5F08D4000F9EF4 /* ExerciseLocationManager.swift in Sources */,
				96FD941D2B5D4966005955D7 /* MapViewController.swift in Sources */,
				96D8AA162B73E44C00B3071B /* ExerciseMotionManager.swift in Sources */,
				962EBCE02B38724100C3866B /* MainView.swift in Sources */,
				96661EC12B47D13A00546BF3 /* RegistrationResponse.swift in Sources */,
				962EBD032B389BC500C3866B /* ActivitySelectionView.swift in Sources */,
				96B87FE92B37527300E9BEAD /* Persistence.swift in Sources */,
				962EBCEB2B3873FD00C3866B /* ActivityCardView.swift in Sources */,
				962EBD3B2B39E26E00C3866B /* CoreDataRepository.swift in Sources */,
				96661EC92B4911B500546BF3 /* Auth.swift in Sources */,
				962EBCC22B38451400C3866B /* InitialView.swift in Sources */,
				962EBCF02B3874B100C3866B /* ActivityListView.swift in Sources */,
				962EBD1F2B38A27D00C3866B /* RoundTimerService.swift in Sources */,
				96661EBD2B46D5FB00546BF3 /* ServerResponse.swift in Sources */,
				962EBCCF2B3863C200C3866B /* LoginView.swift in Sources */,
				96661EC72B490E5000546BF3 /* TokenStorage.swift in Sources */,
				9666D17E2B8FB890008BCAD6 /* StopwatchService.swift in Sources */,
				962EBCFE2B38921400C3866B /* ActivitiesRepository.swift in Sources */,
				96661EBF2B47225C00546BF3 /* RegistrationRequest.swift in Sources */,
				96B87FE22B37527100E9BEAD /* ContentView.swift in Sources */,
				962EBCD52B38688C00C3866B /* RegistrationViewModel.swift in Sources */,
				962EBCC42B3847A300C3866B /* Resources.swift in Sources */,
				962EBCF32B38751300C3866B /* ActivityViewModel.swift in Sources */,
				96B87FE02B37527100E9BEAD /* FitnessTrackerApp.swift in Sources */,
				962EBCF82B387C8300C3866B /* ActivityDetailsView.swift in Sources */,
				962EBCE92B3873CA00C3866B /* ActivitiesView.swift in Sources */,
				96AD1DAA2B5F12D2000F9EF4 /* RunRouteDataModel.swift in Sources */,
				962EBCDC2B38701B00C3866B /* LoginViewModel.swift in Sources */,
				96B87FEC2B37527300E9BEAD /* FitnessTracker.xcdatamodeld in Sources */,
				96D8AA182B73E6C500B3071B /* RunMotionDataModel.swift in Sources */,
				962EBD052B389C0D00C3866B /* ActivitySelectionViewController.swift in Sources */,
				962EBD092B38A04F00C3866B /* SetsInfoView.swift in Sources */,
				962EBCD92B386F3700C3866B /* DefaultTextFieldView.swift in Sources */,
				962EBCE72B3872AE00C3866B /* ProfileView.swift in Sources */,
				962EBCCC2B384E8A00C3866B /* Constants.swift in Sources */,
				962EBD232B38A2F400C3866B /* PopUpModalController.swift in Sources */,
				96BC470F2B5C43B300BDD797 /* RunExerciseController.swift in Sources */,
				962EBCEE2B38744000C3866B /* ActivityDataModel.swift in Sources */,
				962EBD0E2B38A12900C3866B /* SetsExerciseSettingsModel.swift in Sources */,
				96661EB62B4684A500546BF3 /* LoginRequest.swift in Sources */,
				96661EBB2B46AB9700546BF3 /* ServerRequest.swift in Sources */,
				962EBD1D2B38A25C00C3866B /* RoundTimerView.swift in Sources */,
			);
			runOnlyForDeploymentPostprocessing = 0;
		};
/* End PBXSourcesBuildPhase section */

/* Begin XCBuildConfiguration section */
		9666D1782B8FACFA008BCAD6 /* Debug */ = {
			isa = XCBuildConfiguration;
			buildSettings = {
				ASSETCATALOG_COMPILER_APPICON_NAME = AppIcon;
				ASSETCATALOG_COMPILER_GLOBAL_ACCENT_COLOR_NAME = AccentColor;
				CODE_SIGN_STYLE = Automatic;
				CURRENT_PROJECT_VERSION = 1;
				DEVELOPMENT_ASSET_PATHS = "\"FitnessTracker/Preview Content\"";
				DEVELOPMENT_TEAM = 936DWSSS7A;
				ENABLE_PREVIEWS = YES;
				GENERATE_INFOPLIST_FILE = YES;
				INFOPLIST_KEY_CFBundleDisplayName = "Fitness Tracker";
				INFOPLIST_KEY_LSApplicationCategoryType = "public.app-category.healthcare-fitness";
				INFOPLIST_KEY_NSLocationWhenInUseUsageDescription = ForRun;
				INFOPLIST_KEY_NSMotionUsageDescription = ForRun;
				INFOPLIST_KEY_UIApplicationSceneManifest_Generation = YES;
				INFOPLIST_KEY_UIApplicationSupportsIndirectInputEvents = YES;
				INFOPLIST_KEY_UILaunchScreen_Generation = YES;
				INFOPLIST_KEY_UISupportedInterfaceOrientations = UIInterfaceOrientationPortrait;
				INFOPLIST_KEY_UISupportedInterfaceOrientations_iPad = "UIInterfaceOrientationLandscapeLeft UIInterfaceOrientationLandscapeRight UIInterfaceOrientationPortrait UIInterfaceOrientationPortraitUpsideDown";
				INFOPLIST_KEY_UIUserInterfaceStyle = Light;
				IPHONEOS_DEPLOYMENT_TARGET = 16.0;
				LD_RUNPATH_SEARCH_PATHS = (
					"$(inherited)",
					"@executable_path/Frameworks",
				);
				MARKETING_VERSION = 1.0;
				OTHER_SWIFT_FLAGS = "";
				PRODUCT_BUNDLE_IDENTIFIER = iliakh.FitnessTracker;
				PRODUCT_NAME = "$(TARGET_NAME)";
				"SWIFT_ACTIVE_COMPILATION_CONDITIONS[arch=*]" = "$(inherited) SIMULATE_LOCATION";
				SWIFT_EMIT_LOC_STRINGS = YES;
				SWIFT_VERSION = 5.0;
				TARGETED_DEVICE_FAMILY = "1,2";
			};
			name = Debug;
		};
		9666D1792B8FACFA008BCAD6 /* Release */ = {
			isa = XCBuildConfiguration;
			buildSettings = {
				ASSETCATALOG_COMPILER_APPICON_NAME = AppIcon;
				ASSETCATALOG_COMPILER_GLOBAL_ACCENT_COLOR_NAME = AccentColor;
				CODE_SIGN_STYLE = Automatic;
				CURRENT_PROJECT_VERSION = 1;
				DEVELOPMENT_ASSET_PATHS = "\"FitnessTracker/Preview Content\"";
				DEVELOPMENT_TEAM = 936DWSSS7A;
				ENABLE_PREVIEWS = YES;
				GENERATE_INFOPLIST_FILE = YES;
				INFOPLIST_KEY_CFBundleDisplayName = "Fitness Tracker";
				INFOPLIST_KEY_LSApplicationCategoryType = "public.app-category.healthcare-fitness";
				INFOPLIST_KEY_NSLocationWhenInUseUsageDescription = ForRun;
				INFOPLIST_KEY_NSMotionUsageDescription = ForRun;
				INFOPLIST_KEY_UIApplicationSceneManifest_Generation = YES;
				INFOPLIST_KEY_UIApplicationSupportsIndirectInputEvents = YES;
				INFOPLIST_KEY_UILaunchScreen_Generation = YES;
				INFOPLIST_KEY_UISupportedInterfaceOrientations = UIInterfaceOrientationPortrait;
				INFOPLIST_KEY_UISupportedInterfaceOrientations_iPad = "UIInterfaceOrientationLandscapeLeft UIInterfaceOrientationLandscapeRight UIInterfaceOrientationPortrait UIInterfaceOrientationPortraitUpsideDown";
				INFOPLIST_KEY_UIUserInterfaceStyle = Light;
				IPHONEOS_DEPLOYMENT_TARGET = 16.0;
				LD_RUNPATH_SEARCH_PATHS = (
					"$(inherited)",
					"@executable_path/Frameworks",
				);
				MARKETING_VERSION = 1.0;
				PRODUCT_BUNDLE_IDENTIFIER = iliakh.FitnessTracker;
				PRODUCT_NAME = "$(TARGET_NAME)";
				SWIFT_EMIT_LOC_STRINGS = YES;
				SWIFT_VERSION = 5.0;
				TARGETED_DEVICE_FAMILY = "1,2";
			};
			name = Release;
		};
		96B87FED2B37527300E9BEAD /* Debug */ = {
			isa = XCBuildConfiguration;
			buildSettings = {
				ALWAYS_SEARCH_USER_PATHS = NO;
				ASSETCATALOG_COMPILER_GENERATE_SWIFT_ASSET_SYMBOL_EXTENSIONS = YES;
				CLANG_ANALYZER_NONNULL = YES;
				CLANG_ANALYZER_NUMBER_OBJECT_CONVERSION = YES_AGGRESSIVE;
				CLANG_CXX_LANGUAGE_STANDARD = "gnu++20";
				CLANG_ENABLE_MODULES = YES;
				CLANG_ENABLE_OBJC_ARC = YES;
				CLANG_ENABLE_OBJC_WEAK = YES;
				CLANG_WARN_BLOCK_CAPTURE_AUTORELEASING = YES;
				CLANG_WARN_BOOL_CONVERSION = YES;
				CLANG_WARN_COMMA = YES;
				CLANG_WARN_CONSTANT_CONVERSION = YES;
				CLANG_WARN_DEPRECATED_OBJC_IMPLEMENTATIONS = YES;
				CLANG_WARN_DIRECT_OBJC_ISA_USAGE = YES_ERROR;
				CLANG_WARN_DOCUMENTATION_COMMENTS = YES;
				CLANG_WARN_EMPTY_BODY = YES;
				CLANG_WARN_ENUM_CONVERSION = YES;
				CLANG_WARN_INFINITE_RECURSION = YES;
				CLANG_WARN_INT_CONVERSION = YES;
				CLANG_WARN_NON_LITERAL_NULL_CONVERSION = YES;
				CLANG_WARN_OBJC_IMPLICIT_RETAIN_SELF = YES;
				CLANG_WARN_OBJC_LITERAL_CONVERSION = YES;
				CLANG_WARN_OBJC_ROOT_CLASS = YES_ERROR;
				CLANG_WARN_QUOTED_INCLUDE_IN_FRAMEWORK_HEADER = YES;
				CLANG_WARN_RANGE_LOOP_ANALYSIS = YES;
				CLANG_WARN_STRICT_PROTOTYPES = YES;
				CLANG_WARN_SUSPICIOUS_MOVE = YES;
				CLANG_WARN_UNGUARDED_AVAILABILITY = YES_AGGRESSIVE;
				CLANG_WARN_UNREACHABLE_CODE = YES;
				CLANG_WARN__DUPLICATE_METHOD_MATCH = YES;
				COPY_PHASE_STRIP = NO;
				DEBUG_INFORMATION_FORMAT = dwarf;
				ENABLE_STRICT_OBJC_MSGSEND = YES;
				ENABLE_TESTABILITY = YES;
				ENABLE_USER_SCRIPT_SANDBOXING = YES;
				GCC_C_LANGUAGE_STANDARD = gnu17;
				GCC_DYNAMIC_NO_PIC = NO;
				GCC_NO_COMMON_BLOCKS = YES;
				GCC_OPTIMIZATION_LEVEL = 0;
				GCC_PREPROCESSOR_DEFINITIONS = (
					"DEBUG=1",
					"$(inherited)",
				);
				GCC_WARN_64_TO_32_BIT_CONVERSION = YES;
				GCC_WARN_ABOUT_RETURN_TYPE = YES_ERROR;
				GCC_WARN_UNDECLARED_SELECTOR = YES;
				GCC_WARN_UNINITIALIZED_AUTOS = YES_AGGRESSIVE;
				GCC_WARN_UNUSED_FUNCTION = YES;
				GCC_WARN_UNUSED_VARIABLE = YES;
				IPHONEOS_DEPLOYMENT_TARGET = 16.0;
				LOCALIZATION_PREFERS_STRING_CATALOGS = YES;
				MTL_ENABLE_DEBUG_INFO = INCLUDE_SOURCE;
				MTL_FAST_MATH = YES;
				ONLY_ACTIVE_ARCH = YES;
				SDKROOT = iphoneos;
				SWIFT_ACTIVE_COMPILATION_CONDITIONS = "DEBUG $(inherited)";
				SWIFT_OPTIMIZATION_LEVEL = "-Onone";
			};
			name = Debug;
		};
		96B87FEE2B37527300E9BEAD /* Release */ = {
			isa = XCBuildConfiguration;
			buildSettings = {
				ALWAYS_SEARCH_USER_PATHS = NO;
				ASSETCATALOG_COMPILER_GENERATE_SWIFT_ASSET_SYMBOL_EXTENSIONS = YES;
				CLANG_ANALYZER_NONNULL = YES;
				CLANG_ANALYZER_NUMBER_OBJECT_CONVERSION = YES_AGGRESSIVE;
				CLANG_CXX_LANGUAGE_STANDARD = "gnu++20";
				CLANG_ENABLE_MODULES = YES;
				CLANG_ENABLE_OBJC_ARC = YES;
				CLANG_ENABLE_OBJC_WEAK = YES;
				CLANG_WARN_BLOCK_CAPTURE_AUTORELEASING = YES;
				CLANG_WARN_BOOL_CONVERSION = YES;
				CLANG_WARN_COMMA = YES;
				CLANG_WARN_CONSTANT_CONVERSION = YES;
				CLANG_WARN_DEPRECATED_OBJC_IMPLEMENTATIONS = YES;
				CLANG_WARN_DIRECT_OBJC_ISA_USAGE = YES_ERROR;
				CLANG_WARN_DOCUMENTATION_COMMENTS = YES;
				CLANG_WARN_EMPTY_BODY = YES;
				CLANG_WARN_ENUM_CONVERSION = YES;
				CLANG_WARN_INFINITE_RECURSION = YES;
				CLANG_WARN_INT_CONVERSION = YES;
				CLANG_WARN_NON_LITERAL_NULL_CONVERSION = YES;
				CLANG_WARN_OBJC_IMPLICIT_RETAIN_SELF = YES;
				CLANG_WARN_OBJC_LITERAL_CONVERSION = YES;
				CLANG_WARN_OBJC_ROOT_CLASS = YES_ERROR;
				CLANG_WARN_QUOTED_INCLUDE_IN_FRAMEWORK_HEADER = YES;
				CLANG_WARN_RANGE_LOOP_ANALYSIS = YES;
				CLANG_WARN_STRICT_PROTOTYPES = YES;
				CLANG_WARN_SUSPICIOUS_MOVE = YES;
				CLANG_WARN_UNGUARDED_AVAILABILITY = YES_AGGRESSIVE;
				CLANG_WARN_UNREACHABLE_CODE = YES;
				CLANG_WARN__DUPLICATE_METHOD_MATCH = YES;
				COPY_PHASE_STRIP = NO;
				DEBUG_INFORMATION_FORMAT = "dwarf-with-dsym";
				ENABLE_NS_ASSERTIONS = NO;
				ENABLE_STRICT_OBJC_MSGSEND = YES;
				ENABLE_USER_SCRIPT_SANDBOXING = YES;
				GCC_C_LANGUAGE_STANDARD = gnu17;
				GCC_NO_COMMON_BLOCKS = YES;
				GCC_WARN_64_TO_32_BIT_CONVERSION = YES;
				GCC_WARN_ABOUT_RETURN_TYPE = YES_ERROR;
				GCC_WARN_UNDECLARED_SELECTOR = YES;
				GCC_WARN_UNINITIALIZED_AUTOS = YES_AGGRESSIVE;
				GCC_WARN_UNUSED_FUNCTION = YES;
				GCC_WARN_UNUSED_VARIABLE = YES;
				IPHONEOS_DEPLOYMENT_TARGET = 16.0;
				LOCALIZATION_PREFERS_STRING_CATALOGS = YES;
				MTL_ENABLE_DEBUG_INFO = NO;
				MTL_FAST_MATH = YES;
				SDKROOT = iphoneos;
				SWIFT_COMPILATION_MODE = wholemodule;
				VALIDATE_PRODUCT = YES;
			};
			name = Release;
		};
		96B87FF02B37527300E9BEAD /* Debug */ = {
			isa = XCBuildConfiguration;
			buildSettings = {
				ASSETCATALOG_COMPILER_APPICON_NAME = AppIcon;
				ASSETCATALOG_COMPILER_GLOBAL_ACCENT_COLOR_NAME = AccentColor;
				CODE_SIGN_STYLE = Automatic;
				CURRENT_PROJECT_VERSION = 1;
				DEVELOPMENT_ASSET_PATHS = "\"FitnessTracker/Preview Content\"";
				DEVELOPMENT_TEAM = 936DWSSS7A;
				ENABLE_PREVIEWS = YES;
				GENERATE_INFOPLIST_FILE = YES;
				INFOPLIST_KEY_CFBundleDisplayName = "Fitness Tracker";
				INFOPLIST_KEY_LSApplicationCategoryType = "public.app-category.healthcare-fitness";
				INFOPLIST_KEY_NSLocationWhenInUseUsageDescription = ForRun;
				INFOPLIST_KEY_NSMotionUsageDescription = ForRun;
				INFOPLIST_KEY_UIApplicationSceneManifest_Generation = YES;
				INFOPLIST_KEY_UIApplicationSupportsIndirectInputEvents = YES;
				INFOPLIST_KEY_UILaunchScreen_Generation = YES;
				INFOPLIST_KEY_UISupportedInterfaceOrientations = UIInterfaceOrientationPortrait;
				INFOPLIST_KEY_UISupportedInterfaceOrientations_iPad = "UIInterfaceOrientationLandscapeLeft UIInterfaceOrientationLandscapeRight UIInterfaceOrientationPortrait UIInterfaceOrientationPortraitUpsideDown";
				INFOPLIST_KEY_UIUserInterfaceStyle = Light;
				IPHONEOS_DEPLOYMENT_TARGET = 16.0;
				LD_RUNPATH_SEARCH_PATHS = (
					"$(inherited)",
					"@executable_path/Frameworks",
				);
				MARKETING_VERSION = 1.0;
				PRODUCT_BUNDLE_IDENTIFIER = iliakh.FitnessTracker;
				PRODUCT_NAME = "$(TARGET_NAME)";
				"SWIFT_ACTIVE_COMPILATION_CONDITIONS[arch=*]" = DEBUG;
				SWIFT_EMIT_LOC_STRINGS = YES;
				SWIFT_VERSION = 5.0;
				TARGETED_DEVICE_FAMILY = "1,2";
			};
			name = Debug;
		};
		96B87FF12B37527300E9BEAD /* Release */ = {
			isa = XCBuildConfiguration;
			buildSettings = {
				ASSETCATALOG_COMPILER_APPICON_NAME = AppIcon;
				ASSETCATALOG_COMPILER_GLOBAL_ACCENT_COLOR_NAME = AccentColor;
				CODE_SIGN_STYLE = Automatic;
				CURRENT_PROJECT_VERSION = 1;
				DEVELOPMENT_ASSET_PATHS = "\"FitnessTracker/Preview Content\"";
				DEVELOPMENT_TEAM = 936DWSSS7A;
				ENABLE_PREVIEWS = YES;
				GENERATE_INFOPLIST_FILE = YES;
				INFOPLIST_KEY_CFBundleDisplayName = "Fitness Tracker";
				INFOPLIST_KEY_LSApplicationCategoryType = "public.app-category.healthcare-fitness";
				INFOPLIST_KEY_NSLocationWhenInUseUsageDescription = ForRun;
				INFOPLIST_KEY_NSMotionUsageDescription = ForRun;
				INFOPLIST_KEY_UIApplicationSceneManifest_Generation = YES;
				INFOPLIST_KEY_UIApplicationSupportsIndirectInputEvents = YES;
				INFOPLIST_KEY_UILaunchScreen_Generation = YES;
				INFOPLIST_KEY_UISupportedInterfaceOrientations = UIInterfaceOrientationPortrait;
				INFOPLIST_KEY_UISupportedInterfaceOrientations_iPad = "UIInterfaceOrientationLandscapeLeft UIInterfaceOrientationLandscapeRight UIInterfaceOrientationPortrait UIInterfaceOrientationPortraitUpsideDown";
				INFOPLIST_KEY_UIUserInterfaceStyle = Light;
				IPHONEOS_DEPLOYMENT_TARGET = 16.0;
				LD_RUNPATH_SEARCH_PATHS = (
					"$(inherited)",
					"@executable_path/Frameworks",
				);
				MARKETING_VERSION = 1.0;
				PRODUCT_BUNDLE_IDENTIFIER = iliakh.FitnessTracker;
				PRODUCT_NAME = "$(TARGET_NAME)";
				SWIFT_EMIT_LOC_STRINGS = YES;
				SWIFT_VERSION = 5.0;
				TARGETED_DEVICE_FAMILY = "1,2";
			};
			name = Release;
		};
/* End XCBuildConfiguration section */

/* Begin XCConfigurationList section */
		9666D1772B8FACFA008BCAD6 /* Build configuration list for PBXNativeTarget "FitnessTracker(Simulator)" */ = {
			isa = XCConfigurationList;
			buildConfigurations = (
				9666D1782B8FACFA008BCAD6 /* Debug */,
				9666D1792B8FACFA008BCAD6 /* Release */,
			);
			defaultConfigurationIsVisible = 0;
			defaultConfigurationName = Release;
		};
		96B87FD72B37527100E9BEAD /* Build configuration list for PBXProject "FitnessTracker" */ = {
			isa = XCConfigurationList;
			buildConfigurations = (
				96B87FED2B37527300E9BEAD /* Debug */,
				96B87FEE2B37527300E9BEAD /* Release */,
			);
			defaultConfigurationIsVisible = 0;
			defaultConfigurationName = Release;
		};
		96B87FEF2B37527300E9BEAD /* Build configuration list for PBXNativeTarget "FitnessTracker" */ = {
			isa = XCConfigurationList;
			buildConfigurations = (
				96B87FF02B37527300E9BEAD /* Debug */,
				96B87FF12B37527300E9BEAD /* Release */,
			);
			defaultConfigurationIsVisible = 0;
			defaultConfigurationName = Release;
		};
/* End XCConfigurationList section */

/* Begin XCVersionGroup section */
		96B87FEA2B37527300E9BEAD /* FitnessTracker.xcdatamodeld */ = {
			isa = XCVersionGroup;
			children = (
				96B87FEB2B37527300E9BEAD /* FitnessTracker.xcdatamodel */,
			);
			currentVersion = 96B87FEB2B37527300E9BEAD /* FitnessTracker.xcdatamodel */;
			path = FitnessTracker.xcdatamodeld;
			sourceTree = "<group>";
			versionGroupType = wrapper.xcdatamodel;
		};
/* End XCVersionGroup section */
	};
	rootObject = 96B87FD42B37527100E9BEAD /* Project object */;
}
